<?xml version="1.0" encoding="utf-8"?>
<Project ToolsVersion="4.0" xmlns="http://schemas.microsoft.com/developer/msbuild/2003">
  <ItemGroup>
    <Filter Include="ECS">
      <UniqueIdentifier>{ed9388ca-e0c0-4441-b8d6-82a6b5a54f5b}</UniqueIdentifier>
    </Filter>
    <Filter Include="Events">
      <UniqueIdentifier>{479ef487-c93b-40d2-8a72-f0b3ad09e325}</UniqueIdentifier>
    </Filter>
    <Filter Include="Rendering">
      <UniqueIdentifier>{0f04dbe3-0dd2-4751-bba9-98031b8a8148}</UniqueIdentifier>
    </Filter>
    <Filter Include="Platform\SDL2">
      <UniqueIdentifier>{0c9098a9-36df-4b8a-b584-a72630cefe83}</UniqueIdentifier>
    </Filter>
    <Filter Include="Platform">
      <UniqueIdentifier>{3bac62b0-b301-414e-ac59-fdeea74b6453}</UniqueIdentifier>
    </Filter>
    <Filter Include="GameComponentSystem">
      <UniqueIdentifier>{4fdf3ce1-d6d4-43f9-9f08-68d29a6b30cc}</UniqueIdentifier>
    </Filter>
    <Filter Include="ThirdParty">
      <UniqueIdentifier>{135422fe-05e9-4fec-9dcf-67de1a6a4954}</UniqueIdentifier>
    </Filter>
  </ItemGroup>
  <ItemGroup>
    <ClCompile Include="Source\ECS\ECS.cpp">
      <Filter>ECS</Filter>
    </ClCompile>
    <ClCompile Include="Source\ECS\ECSComponent.cpp">
      <Filter>ECS</Filter>
    </ClCompile>
    <ClCompile Include="Source\ECS\ECSSystem.cpp">
      <Filter>ECS</Filter>
    </ClCompile>
    <ClCompile Include="Source\Events\GameEventHandler.cpp">
      <Filter>Events</Filter>
    </ClCompile>
    <ClCompile Include="Source\Rendering\Display.cpp">
      <Filter>Rendering</Filter>
    </ClCompile>
    <ClCompile Include="Source\Rendering\Font.cpp">
      <Filter>Rendering</Filter>
    </ClCompile>
    <ClCompile Include="Source\Rendering\Mesh.cpp">
      <Filter>Rendering</Filter>
    </ClCompile>
    <ClCompile Include="Source\Rendering\Shader.cpp">
      <Filter>Rendering</Filter>
    </ClCompile>
    <ClCompile Include="Source\Rendering\TextRenderer.cpp">
      <Filter>Rendering</Filter>
    </ClCompile>
    <ClCompile Include="Source\Rendering\Texture.cpp">
      <Filter>Rendering</Filter>
    </ClCompile>
    <ClCompile Include="Source\Platform\SDL2\SDLApplication.cpp">
      <Filter>Platform\SDL2</Filter>
    </ClCompile>
    <ClCompile Include="Source\Platform\SDL2\SDLTiming.cpp">
      <Filter>Platform\SDL2</Filter>
    </ClCompile>
    <ClCompile Include="Source\Platform\SDL2\SDLWindow.cpp">
      <Filter>Platform\SDL2</Filter>
    </ClCompile>
    <ClCompile Include="Source\AABB.cpp" />
    <ClCompile Include="Source\InteractionWorld.cpp" />
    <ClCompile Include="Source\Main.cpp" />
  </ItemGroup>
  <ItemGroup>
    <ClInclude Include="Source\ECS\ECS.h">
      <Filter>ECS</Filter>
    </ClInclude>
    <ClInclude Include="Source\ECS\ECSComponent.h">
      <Filter>ECS</Filter>
    </ClInclude>
    <ClInclude Include="Source\ECS\ECSSystem.h">
      <Filter>ECS</Filter>
    </ClInclude>
    <ClInclude Include="Source\Events\GameEventHandler.h">
      <Filter>Events</Filter>
    </ClInclude>
    <ClInclude Include="Source\Events\IApplicationEventHandler.h">
      <Filter>Events</Filter>
    </ClInclude>
    <ClInclude Include="Source\Events\InputControl.h">
      <Filter>Events</Filter>
    </ClInclude>
    <ClInclude Include="Source\Events\MotionControl.h">
      <Filter>Events</Filter>
    </ClInclude>
    <ClInclude Include="Source\Rendering\Camera.h">
      <Filter>Rendering</Filter>
    </ClInclude>
    <ClInclude Include="Source\Rendering\Display.h">
      <Filter>Rendering</Filter>
    </ClInclude>
    <ClInclude Include="Source\Rendering\Font.h">
      <Filter>Rendering</Filter>
    </ClInclude>
    <ClInclude Include="Source\Rendering\GameRenderContext.h">
      <Filter>Rendering</Filter>
    </ClInclude>
    <ClInclude Include="Source\Rendering\Mesh.h">
      <Filter>Rendering</Filter>
    </ClInclude>
    <ClInclude Include="Source\Rendering\Shader.h">
      <Filter>Rendering</Filter>
    </ClInclude>
    <ClInclude Include="Source\Rendering\TextRenderer.h">
      <Filter>Rendering</Filter>
    </ClInclude>
    <ClInclude Include="Source\Rendering\Texture.h">
      <Filter>Rendering</Filter>
    </ClInclude>
    <ClInclude Include="Source\GameComponentSystem\CameraComponentSystem.h">
      <Filter>GameComponentSystem</Filter>
    </ClInclude>
    <ClInclude Include="Source\GameComponentSystem\ColliderComponent.h">
      <Filter>GameComponentSystem</Filter>
    </ClInclude>
    <ClInclude Include="Source\GameComponentSystem\MotionComponentSystem.h">
      <Filter>GameComponentSystem</Filter>
    </ClInclude>
    <ClInclude Include="Source\GameComponentSystem\MovementControlComponentSystem.h">
      <Filter>GameComponentSystem</Filter>
    </ClInclude>
    <ClInclude Include="Source\GameComponentSystem\RenderableMeshComponentSystem.h">
      <Filter>GameComponentSystem</Filter>
    </ClInclude>
    <ClInclude Include="Source\GameComponentSystem\TransformComponent.h">
      <Filter>GameComponentSystem</Filter>
    </ClInclude>
    <ClInclude Include="Source\ThirdParty\stb_image.h">
      <Filter>ThirdParty</Filter>
    </ClInclude>
    <ClInclude Include="Source\Platform\SDL2\SDLApplication.h">
      <Filter>Platform\SDL2</Filter>
    </ClInclude>
    <ClInclude Include="Source\Platform\SDL2\SDLTiming.h">
      <Filter>Platform\SDL2</Filter>
    </ClInclude>
    <ClInclude Include="Source\Platform\SDL2\SDLWindow.h">
      <Filter>Platform\SDL2</Filter>
    </ClInclude>
    <ClInclude Include="Source\AABB.h" />
    <ClInclude Include="Source\Application.h" />
    <ClInclude Include="Source\InteractionWorld.h" />
    <ClInclude Include="Source\MotionIntegrators.h" />
    <ClInclude Include="Source\Transform.h" />
  </ItemGroup>
</Project>